
Microsoft Visual Studio Solution File, Format Version 12.00
# Visual Studio Version 17
VisualStudioVersion = 17.0.31903.59
MinimumVisualStudioVersion = 10.0.40219.1
Project("{2150E333-8FDC-42A3-9474-1A3956D46DE8}") = "src", "src", "{827E0CD3-B72D-47B6-A68D-7590B98EB39B}"
EndProject
Project("{FAE04EC0-301F-11D3-BF4B-00C04F79EFBC}") = "IstGuide.Domain", "src\IstGuide.Domain\IstGuide.Domain.csproj", "{959C5C60-35A9-4171-BC43-3AA2C6BC2E70}"
EndProject
Project("{FAE04EC0-301F-11D3-BF4B-00C04F79EFBC}") = "IstGuide.Application", "src\IstGuide.Application\IstGuide.Application.csproj", "{6356B326-518E-4CA7-8E22-1F9629C24864}"
EndProject
Project("{FAE04EC0-301F-11D3-BF4B-00C04F79EFBC}") = "IstGuide.Infrastructure", "src\IstGuide.Infrastructure\IstGuide.Infrastructure.csproj", "{7FDF055F-A524-4B46-B6B9-BA2444F5196A}"
EndProject
Project("{FAE04EC0-301F-11D3-BF4B-00C04F79EFBC}") = "IstGuide.Persistence", "src\IstGuide.Persistence\IstGuide.Persistence.csproj", "{28847F04-239A-4613-A3EA-EE617F443025}"
EndProject
Project("{FAE04EC0-301F-11D3-BF4B-00C04F79EFBC}") = "IstGuide.API", "src\IstGuide.API\IstGuide.API.csproj", "{60CFE9A4-DD0B-464B-AE5B-AB4BF8C58236}"
EndProject
Project("{2150E333-8FDC-42A3-9474-1A3956D46DE8}") = "tests", "tests", "{0AB3BF05-4346-4AA6-1389-037BE0695223}"
EndProject
Project("{FAE04EC0-301F-11D3-BF4B-00C04F79EFBC}") = "IstGuide.Domain.Tests", "tests\IstGuide.Domain.Tests\IstGuide.Domain.Tests.csproj", "{9E1EB6EE-F831-46A9-A66C-1F3A8106BC44}"
EndProject
Project("{FAE04EC0-301F-11D3-BF4B-00C04F79EFBC}") = "IstGuide.Application.Tests", "tests\IstGuide.Application.Tests\IstGuide.Application.Tests.csproj", "{18914611-A90C-4C12-B22C-A8996E40F334}"
EndProject
Global
	GlobalSection(SolutionConfigurationPlatforms) = preSolution
		Debug|Any CPU = Debug|Any CPU
		Debug|x64 = Debug|x64
		Debug|x86 = Debug|x86
		Release|Any CPU = Release|Any CPU
		Release|x64 = Release|x64
		Release|x86 = Release|x86
	EndGlobalSection
	GlobalSection(ProjectConfigurationPlatforms) = postSolution
		{959C5C60-35A9-4171-BC43-3AA2C6BC2E70}.Debug|Any CPU.ActiveCfg = Debug|Any CPU
		{959C5C60-35A9-4171-BC43-3AA2C6BC2E70}.Debug|Any CPU.Build.0 = Debug|Any CPU
		{959C5C60-35A9-4171-BC43-3AA2C6BC2E70}.Debug|x64.ActiveCfg = Debug|Any CPU
		{959C5C60-35A9-4171-BC43-3AA2C6BC2E70}.Debug|x64.Build.0 = Debug|Any CPU
		{959C5C60-35A9-4171-BC43-3AA2C6BC2E70}.Debug|x86.ActiveCfg = Debug|Any CPU
		{959C5C60-35A9-4171-BC43-3AA2C6BC2E70}.Debug|x86.Build.0 = Debug|Any CPU
		{959C5C60-35A9-4171-BC43-3AA2C6BC2E70}.Release|Any CPU.ActiveCfg = Release|Any CPU
		{959C5C60-35A9-4171-BC43-3AA2C6BC2E70}.Release|Any CPU.Build.0 = Release|Any CPU
		{959C5C60-35A9-4171-BC43-3AA2C6BC2E70}.Release|x64.ActiveCfg = Release|Any CPU
		{959C5C60-35A9-4171-BC43-3AA2C6BC2E70}.Release|x64.Build.0 = Release|Any CPU
		{959C5C60-35A9-4171-BC43-3AA2C6BC2E70}.Release|x86.ActiveCfg = Release|Any CPU
		{959C5C60-35A9-4171-BC43-3AA2C6BC2E70}.Release|x86.Build.0 = Release|Any CPU
		{6356B326-518E-4CA7-8E22-1F9629C24864}.Debug|Any CPU.ActiveCfg = Debug|Any CPU
		{6356B326-518E-4CA7-8E22-1F9629C24864}.Debug|Any CPU.Build.0 = Debug|Any CPU
		{6356B326-518E-4CA7-8E22-1F9629C24864}.Debug|x64.ActiveCfg = Debug|Any CPU
		{6356B326-518E-4CA7-8E22-1F9629C24864}.Debug|x64.Build.0 = Debug|Any CPU
		{6356B326-518E-4CA7-8E22-1F9629C24864}.Debug|x86.ActiveCfg = Debug|Any CPU
		{6356B326-518E-4CA7-8E22-1F9629C24864}.Debug|x86.Build.0 = Debug|Any CPU
		{6356B326-518E-4CA7-8E22-1F9629C24864}.Release|Any CPU.ActiveCfg = Release|Any CPU
		{6356B326-518E-4CA7-8E22-1F9629C24864}.Release|Any CPU.Build.0 = Release|Any CPU
		{6356B326-518E-4CA7-8E22-1F9629C24864}.Release|x64.ActiveCfg = Release|Any CPU
		{6356B326-518E-4CA7-8E22-1F9629C24864}.Release|x64.Build.0 = Release|Any CPU
		{6356B326-518E-4CA7-8E22-1F9629C24864}.Release|x86.ActiveCfg = Release|Any CPU
		{6356B326-518E-4CA7-8E22-1F9629C24864}.Release|x86.Build.0 = Release|Any CPU
		{7FDF055F-A524-4B46-B6B9-BA2444F5196A}.Debug|Any CPU.ActiveCfg = Debug|Any CPU
		{7FDF055F-A524-4B46-B6B9-BA2444F5196A}.Debug|Any CPU.Build.0 = Debug|Any CPU
		{7FDF055F-A524-4B46-B6B9-BA2444F5196A}.Debug|x64.ActiveCfg = Debug|Any CPU
		{7FDF055F-A524-4B46-B6B9-BA2444F5196A}.Debug|x64.Build.0 = Debug|Any CPU
		{7FDF055F-A524-4B46-B6B9-BA2444F5196A}.Debug|x86.ActiveCfg = Debug|Any CPU
		{7FDF055F-A524-4B46-B6B9-BA2444F5196A}.Debug|x86.Build.0 = Debug|Any CPU
		{7FDF055F-A524-4B46-B6B9-BA2444F5196A}.Release|Any CPU.ActiveCfg = Release|Any CPU
		{7FDF055F-A524-4B46-B6B9-BA2444F5196A}.Release|Any CPU.Build.0 = Release|Any CPU
		{7FDF055F-A524-4B46-B6B9-BA2444F5196A}.Release|x64.ActiveCfg = Release|Any CPU
		{7FDF055F-A524-4B46-B6B9-BA2444F5196A}.Release|x64.Build.0 = Release|Any CPU
		{7FDF055F-A524-4B46-B6B9-BA2444F5196A}.Release|x86.ActiveCfg = Release|Any CPU
		{7FDF055F-A524-4B46-B6B9-BA2444F5196A}.Release|x86.Build.0 = Release|Any CPU
		{28847F04-239A-4613-A3EA-EE617F443025}.Debug|Any CPU.ActiveCfg = Debug|Any CPU
		{28847F04-239A-4613-A3EA-EE617F443025}.Debug|Any CPU.Build.0 = Debug|Any CPU
		{28847F04-239A-4613-A3EA-EE617F443025}.Debug|x64.ActiveCfg = Debug|Any CPU
		{28847F04-239A-4613-A3EA-EE617F443025}.Debug|x64.Build.0 = Debug|Any CPU
		{28847F04-239A-4613-A3EA-EE617F443025}.Debug|x86.ActiveCfg = Debug|Any CPU
		{28847F04-239A-4613-A3EA-EE617F443025}.Debug|x86.Build.0 = Debug|Any CPU
		{28847F04-239A-4613-A3EA-EE617F443025}.Release|Any CPU.ActiveCfg = Release|Any CPU
		{28847F04-239A-4613-A3EA-EE617F443025}.Release|Any CPU.Build.0 = Release|Any CPU
		{28847F04-239A-4613-A3EA-EE617F443025}.Release|x64.ActiveCfg = Release|Any CPU
		{28847F04-239A-4613-A3EA-EE617F443025}.Release|x64.Build.0 = Release|Any CPU
		{28847F04-239A-4613-A3EA-EE617F443025}.Release|x86.ActiveCfg = Release|Any CPU
		{28847F04-239A-4613-A3EA-EE617F443025}.Release|x86.Build.0 = Release|Any CPU
		{60CFE9A4-DD0B-464B-AE5B-AB4BF8C58236}.Debug|Any CPU.ActiveCfg = Debug|Any CPU
		{60CFE9A4-DD0B-464B-AE5B-AB4BF8C58236}.Debug|Any CPU.Build.0 = Debug|Any CPU
		{60CFE9A4-DD0B-464B-AE5B-AB4BF8C58236}.Debug|x64.ActiveCfg = Debug|Any CPU
		{60CFE9A4-DD0B-464B-AE5B-AB4BF8C58236}.Debug|x64.Build.0 = Debug|Any CPU
		{60CFE9A4-DD0B-464B-AE5B-AB4BF8C58236}.Debug|x86.ActiveCfg = Debug|Any CPU
		{60CFE9A4-DD0B-464B-AE5B-AB4BF8C58236}.Debug|x86.Build.0 = Debug|Any CPU
		{60CFE9A4-DD0B-464B-AE5B-AB4BF8C58236}.Release|Any CPU.ActiveCfg = Release|Any CPU
		{60CFE9A4-DD0B-464B-AE5B-AB4BF8C58236}.Release|Any CPU.Build.0 = Release|Any CPU
		{60CFE9A4-DD0B-464B-AE5B-AB4BF8C58236}.Release|x64.ActiveCfg = Release|Any CPU
		{60CFE9A4-DD0B-464B-AE5B-AB4BF8C58236}.Release|x64.Build.0 = Release|Any CPU
		{60CFE9A4-DD0B-464B-AE5B-AB4BF8C58236}.Release|x86.ActiveCfg = Release|Any CPU
		{60CFE9A4-DD0B-464B-AE5B-AB4BF8C58236}.Release|x86.Build.0 = Release|Any CPU
		{9E1EB6EE-F831-46A9-A66C-1F3A8106BC44}.Debug|Any CPU.ActiveCfg = Debug|Any CPU
		{9E1EB6EE-F831-46A9-A66C-1F3A8106BC44}.Debug|Any CPU.Build.0 = Debug|Any CPU
		{9E1EB6EE-F831-46A9-A66C-1F3A8106BC44}.Debug|x64.ActiveCfg = Debug|Any CPU
		{9E1EB6EE-F831-46A9-A66C-1F3A8106BC44}.Debug|x64.Build.0 = Debug|Any CPU
		{9E1EB6EE-F831-46A9-A66C-1F3A8106BC44}.Debug|x86.ActiveCfg = Debug|Any CPU
		{9E1EB6EE-F831-46A9-A66C-1F3A8106BC44}.Debug|x86.Build.0 = Debug|Any CPU
		{9E1EB6EE-F831-46A9-A66C-1F3A8106BC44}.Release|Any CPU.ActiveCfg = Release|Any CPU
		{9E1EB6EE-F831-46A9-A66C-1F3A8106BC44}.Release|Any CPU.Build.0 = Release|Any CPU
		{9E1EB6EE-F831-46A9-A66C-1F3A8106BC44}.Release|x64.ActiveCfg = Release|Any CPU
		{9E1EB6EE-F831-46A9-A66C-1F3A8106BC44}.Release|x64.Build.0 = Release|Any CPU
		{9E1EB6EE-F831-46A9-A66C-1F3A8106BC44}.Release|x86.ActiveCfg = Release|Any CPU
		{9E1EB6EE-F831-46A9-A66C-1F3A8106BC44}.Release|x86.Build.0 = Release|Any CPU
		{18914611-A90C-4C12-B22C-A8996E40F334}.Debug|Any CPU.ActiveCfg = Debug|Any CPU
		{18914611-A90C-4C12-B22C-A8996E40F334}.Debug|Any CPU.Build.0 = Debug|Any CPU
		{18914611-A90C-4C12-B22C-A8996E40F334}.Debug|x64.ActiveCfg = Debug|Any CPU
		{18914611-A90C-4C12-B22C-A8996E40F334}.Debug|x64.Build.0 = Debug|Any CPU
		{18914611-A90C-4C12-B22C-A8996E40F334}.Debug|x86.ActiveCfg = Debug|Any CPU
		{18914611-A90C-4C12-B22C-A8996E40F334}.Debug|x86.Build.0 = Debug|Any CPU
		{18914611-A90C-4C12-B22C-A8996E40F334}.Release|Any CPU.ActiveCfg = Release|Any CPU
		{18914611-A90C-4C12-B22C-A8996E40F334}.Release|Any CPU.Build.0 = Release|Any CPU
		{18914611-A90C-4C12-B22C-A8996E40F334}.Release|x64.ActiveCfg = Release|Any CPU
		{18914611-A90C-4C12-B22C-A8996E40F334}.Release|x64.Build.0 = Release|Any CPU
		{18914611-A90C-4C12-B22C-A8996E40F334}.Release|x86.ActiveCfg = Release|Any CPU
		{18914611-A90C-4C12-B22C-A8996E40F334}.Release|x86.Build.0 = Release|Any CPU
	EndGlobalSection
	GlobalSection(SolutionProperties) = preSolution
		HideSolutionNode = FALSE
	EndGlobalSection
	GlobalSection(NestedProjects) = preSolution
		{959C5C60-35A9-4171-BC43-3AA2C6BC2E70} = {827E0CD3-B72D-47B6-A68D-7590B98EB39B}
		{6356B326-518E-4CA7-8E22-1F9629C24864} = {827E0CD3-B72D-47B6-A68D-7590B98EB39B}
		{7FDF055F-A524-4B46-B6B9-BA2444F5196A} = {827E0CD3-B72D-47B6-A68D-7590B98EB39B}
		{28847F04-239A-4613-A3EA-EE617F443025} = {827E0CD3-B72D-47B6-A68D-7590B98EB39B}
		{60CFE9A4-DD0B-464B-AE5B-AB4BF8C58236} = {827E0CD3-B72D-47B6-A68D-7590B98EB39B}
		{9E1EB6EE-F831-46A9-A66C-1F3A8106BC44} = {0AB3BF05-4346-4AA6-1389-037BE0695223}
		{18914611-A90C-4C12-B22C-A8996E40F334} = {0AB3BF05-4346-4AA6-1389-037BE0695223}
	EndGlobalSection
EndGlobal
